
Microsoft Visual Studio Solution File, Format Version 12.00
# Visual Studio Version 17
VisualStudioVersion = 17.8.34330.188
MinimumVisualStudioVersion = 10.0.40219.1
Project("{FAE04EC0-301F-11D3-BF4B-00C04F79EFBC}") = "gremlins2", "gremlins2\gremlins2.csproj", "{7796C9C9-37A0-489D-A0E8-9A5B6A17432F}"
EndProject
Global
	GlobalSection(SolutionConfigurationPlatforms) = preSolution
		Debug|Any CPU = Debug|Any CPU
		Release|Any CPU = Release|Any CPU
	EndGlobalSection
	GlobalSection(ProjectConfigurationPlatforms) = postSolution
		{7796C9C9-37A0-489D-A0E8-9A5B6A17432F}.Debug|Any CPU.ActiveCfg = Debug|Any CPU
		{7796C9C9-37A0-489D-A0E8-9A5B6A17432F}.Debug|Any CPU.Build.0 = Debug|Any CPU
		{7796C9C9-37A0-489D-A0E8-9A5B6A17432F}.Release|Any CPU.ActiveCfg = Release|Any CPU
		{7796C9C9-37A0-489D-A0E8-9A5B6A17432F}.Release|Any CPU.Build.0 = Release|Any CPU
	EndGlobalSection
	GlobalSection(SolutionProperties) = preSolution
		HideSolutionNode = FALSE
	EndGlobalSection
	GlobalSection(ExtensibilityGlobals) = postSolution
		SolutionGuid = {09A3A1D4-9929-4A29-AE92-F995D6DF88BC}
	EndGlobalSection
EndGlobal
